
Microsoft Visual Studio Solution File, Format Version 12.00
# Visual Studio Version 16
VisualStudioVersion = 16.0.31613.86
MinimumVisualStudioVersion = 10.0.40219.1
Project("{FAE04EC0-301F-11D3-BF4B-00C04F79EFBC}") = "XDDDD", "XDDDD\XDDDD.csproj", "{84DA06B9-B939-4FEC-82C5-DF81855CB64B}"
EndProject
Global
	GlobalSection(SolutionConfigurationPlatforms) = preSolution
		Debug|Any CPU = Debug|Any CPU
		Release|Any CPU = Release|Any CPU
	EndGlobalSection
	GlobalSection(ProjectConfigurationPlatforms) = postSolution
		{84DA06B9-B939-4FEC-82C5-DF81855CB64B}.Debug|Any CPU.ActiveCfg = Debug|Any CPU
		{84DA06B9-B939-4FEC-82C5-DF81855CB64B}.Debug|Any CPU.Build.0 = Debug|Any CPU
		{84DA06B9-B939-4FEC-82C5-DF81855CB64B}.Release|Any CPU.ActiveCfg = Release|Any CPU
		{84DA06B9-B939-4FEC-82C5-DF81855CB64B}.Release|Any CPU.Build.0 = Release|Any CPU
	EndGlobalSection
	GlobalSection(SolutionProperties) = preSolution
		HideSolutionNode = FALSE
	EndGlobalSection
	GlobalSection(ExtensibilityGlobals) = postSolution
		SolutionGuid = {E2156885-3BA8-4C4D-B158-4BAE87AF78EA}
	EndGlobalSection
EndGlobal
